{
  "name": "skraafoto-frontend",
  "version": "1.0.0",
  "lockfileVersion": 2,
  "requires": true,
  "packages": {
    "": {
      "name": "skraafoto-frontend",
      "version": "1.0.0",
      "license": "MIT",
      "dependencies": {
        "@picocss/pico": "^1.5.2",
        "dawa-autocomplete2": "^1.0.2",
        "ol": "^6.14.1",
        "proj4": "^2.8.0",
        "skraafoto-saul": "github:SDFIdk/saul",
        "zustand": "^4.0.0-rc.1"
      },
      "devDependencies": {
        "esbuild": "^0.14.39"
      }
    },
    "node_modules/@mapbox/jsonlint-lines-primitives": {
      "version": "2.0.2",
      "resolved": "https://registry.npmjs.org/@mapbox/jsonlint-lines-primitives/-/jsonlint-lines-primitives-2.0.2.tgz",
      "integrity": "sha512-rY0o9A5ECsTQRVhv7tL/OyDpGAoUB4tTvLiW1DSzQGq4bvTPhNw1VpSNjDJc5GFZ2XuyOtSWSVN05qOtcD71qQ==",
      "engines": {
        "node": ">= 0.6"
      }
    },
    "node_modules/@mapbox/mapbox-gl-style-spec": {
      "version": "13.24.0",
      "resolved": "https://registry.npmjs.org/@mapbox/mapbox-gl-style-spec/-/mapbox-gl-style-spec-13.24.0.tgz",
      "integrity": "sha512-9yhRSqnKX+59MrG647x2pACfR2Ewk8Ii5X75Ag8oToEKZU+PSY0+r10EirIVCTDwuHPzp/VuuN3j6n+Hv/gGpQ==",
      "dependencies": {
        "@mapbox/jsonlint-lines-primitives": "~2.0.2",
        "@mapbox/point-geometry": "^0.1.0",
        "@mapbox/unitbezier": "^0.0.0",
        "csscolorparser": "~1.0.2",
        "json-stringify-pretty-compact": "^2.0.0",
        "minimist": "^1.2.5",
        "rw": "^1.3.3",
        "sort-object": "^0.3.2"
      },
      "bin": {
        "gl-style-composite": "bin/gl-style-composite.js",
        "gl-style-format": "bin/gl-style-format.js",
        "gl-style-migrate": "bin/gl-style-migrate.js",
        "gl-style-validate": "bin/gl-style-validate.js"
      }
    },
    "node_modules/@mapbox/point-geometry": {
      "version": "0.1.0",
      "resolved": "https://registry.npmjs.org/@mapbox/point-geometry/-/point-geometry-0.1.0.tgz",
      "integrity": "sha512-6j56HdLTwWGO0fJPlrZtdU/B13q8Uwmo18Ck2GnGgN9PCFyKTZ3UbXeEdRFh18i9XQ92eH2VdtpJHpBD3aripQ=="
    },
    "node_modules/@mapbox/unitbezier": {
      "version": "0.0.0",
      "resolved": "https://registry.npmjs.org/@mapbox/unitbezier/-/unitbezier-0.0.0.tgz",
      "integrity": "sha512-HPnRdYO0WjFjRTSwO3frz1wKaU649OBFPX3Zo/2WZvuRi6zMiRGui8SnPQiQABgqCf8YikDe5t3HViTVw1WUzA=="
    },
    "node_modules/@petamoriken/float16": {
      "version": "3.6.3",
      "resolved": "https://registry.npmjs.org/@petamoriken/float16/-/float16-3.6.3.tgz",
      "integrity": "sha512-Yx6Z93kmz3JVPYoPPRFJXnt2/G4kfaxRROcZVVHsE4zOClJXvkOVidv/JfvP6hWn16lykbKYKVzUsId6mqXdGg=="
    },
    "node_modules/@picocss/pico": {
      "version": "1.5.3",
      "resolved": "https://registry.npmjs.org/@picocss/pico/-/pico-1.5.3.tgz",
      "integrity": "sha512-ZdZOxjlmj0BkpGpYo/ODgAcFpqIgpAACqEmIgpFtxHkam06ITfUfcj9+mPcd+Ti8Dh0KCSvHpmSnJA3+tOStlQ=="
    },
    "node_modules/csscolorparser": {
      "version": "1.0.3",
      "resolved": "https://registry.npmjs.org/csscolorparser/-/csscolorparser-1.0.3.tgz",
      "integrity": "sha512-umPSgYwZkdFoUrH5hIq5kf0wPSXiro51nPw0j2K/c83KflkPSTBGMz6NJvMB+07VlL0y7VPo6QJcDjcgKTTm3w=="
    },
    "node_modules/dawa-autocomplete2": {
      "version": "1.0.2",
      "resolved": "https://registry.npmjs.org/dawa-autocomplete2/-/dawa-autocomplete2-1.0.2.tgz",
      "integrity": "sha512-9CrVy2B/WR8tDQZDIHlQ9CPD6tDKzRiFGJzQHz04+bczsfTwkJmBGuRMS20XHTedvYr20cIVD6EZ7B/2DfwtlA=="
    },
    "node_modules/esbuild": {
      "version": "0.14.45",
      "resolved": "https://registry.npmjs.org/esbuild/-/esbuild-0.14.45.tgz",
      "integrity": "sha512-JOxGUD8jcs8xE8DjyGWC8by/vLMCXTJ/wuauWipL5kJRZx1dhpqIntb31QHjA45GZJWaXv7SjC/Zwu1bCkXWtQ==",
      "dev": true,
      "hasInstallScript": true,
      "bin": {
        "esbuild": "bin/esbuild"
      },
      "engines": {
        "node": ">=12"
      },
      "optionalDependencies": {
        "esbuild-android-64": "0.14.45",
        "esbuild-android-arm64": "0.14.45",
        "esbuild-darwin-64": "0.14.45",
        "esbuild-darwin-arm64": "0.14.45",
        "esbuild-freebsd-64": "0.14.45",
        "esbuild-freebsd-arm64": "0.14.45",
        "esbuild-linux-32": "0.14.45",
        "esbuild-linux-64": "0.14.45",
        "esbuild-linux-arm": "0.14.45",
        "esbuild-linux-arm64": "0.14.45",
        "esbuild-linux-mips64le": "0.14.45",
        "esbuild-linux-ppc64le": "0.14.45",
        "esbuild-linux-riscv64": "0.14.45",
        "esbuild-linux-s390x": "0.14.45",
        "esbuild-netbsd-64": "0.14.45",
        "esbuild-openbsd-64": "0.14.45",
        "esbuild-sunos-64": "0.14.45",
        "esbuild-windows-32": "0.14.45",
        "esbuild-windows-64": "0.14.45",
        "esbuild-windows-arm64": "0.14.45"
      }
    },
    "node_modules/esbuild-android-64": {
      "version": "0.14.45",
      "resolved": "https://registry.npmjs.org/esbuild-android-64/-/esbuild-android-64-0.14.45.tgz",
      "integrity": "sha512-krVmwL2uXQN1A+Ci4u2MR+Y0IAvQK0u3no5TsgguHVhTy138szjuohScCGjkpvLCpGLk7P4kFP1LKuntvJ0d4A==",
      "cpu": [
        "x64"
      ],
      "dev": true,
      "optional": true,
      "os": [
        "android"
      ],
      "engines": {
        "node": ">=12"
      }
    },
    "node_modules/esbuild-android-arm64": {
      "version": "0.14.45",
      "resolved": "https://registry.npmjs.org/esbuild-android-arm64/-/esbuild-android-arm64-0.14.45.tgz",
      "integrity": "sha512-62POGdzAjM+XOXEM5MmFW6k9Pjdjg1hTrXKKBbPE700LFF36B+1Jv9QkskT5UadbTk4cdH9BQ7bGiRPYY0p/Dw==",
      "cpu": [
        "arm64"
      ],
      "dev": true,
      "optional": true,
      "os": [
        "android"
      ],
      "engines": {
        "node": ">=12"
      }
    },
    "node_modules/esbuild-darwin-64": {
      "version": "0.14.45",
      "resolved": "https://registry.npmjs.org/esbuild-darwin-64/-/esbuild-darwin-64-0.14.45.tgz",
      "integrity": "sha512-dbkVUAnGx5IeZesWnIhnvxy7dSvgUQvfy0TVLzd9XVP3oI/VsKs8UNsfPrxI5HiN4SINv7oPAbxWceMpB7IqNA==",
      "cpu": [
        "x64"
      ],
      "dev": true,
      "optional": true,
      "os": [
        "darwin"
      ],
      "engines": {
        "node": ">=12"
      }
    },
    "node_modules/esbuild-darwin-arm64": {
      "version": "0.14.45",
      "resolved": "https://registry.npmjs.org/esbuild-darwin-arm64/-/esbuild-darwin-arm64-0.14.45.tgz",
      "integrity": "sha512-O6Bz7nnOae5rvbh2Ueo8ibSr7+/eLjsbPdgeMsAZri+LkOa7nsVPnhmocpO3Hy/LWfagTtHy1O9HRPIaArPmTg==",
      "cpu": [
        "arm64"
      ],
      "dev": true,
      "optional": true,
      "os": [
        "darwin"
      ],
      "engines": {
        "node": ">=12"
      }
    },
    "node_modules/esbuild-freebsd-64": {
      "version": "0.14.45",
      "resolved": "https://registry.npmjs.org/esbuild-freebsd-64/-/esbuild-freebsd-64-0.14.45.tgz",
      "integrity": "sha512-y1X2nr3XSWnDC7MRcy21EVAT0TiCtdefOntJ+SQcZnPBTURzX77f99S8lDF2KswukChkiacpd2Wd4VZieo7w7Q==",
      "cpu": [
        "x64"
      ],
      "dev": true,
      "optional": true,
      "os": [
        "freebsd"
      ],
      "engines": {
        "node": ">=12"
      }
    },
    "node_modules/esbuild-freebsd-arm64": {
      "version": "0.14.45",
      "resolved": "https://registry.npmjs.org/esbuild-freebsd-arm64/-/esbuild-freebsd-arm64-0.14.45.tgz",
      "integrity": "sha512-r3ZNejkx1BKXQ6sYOP6C5rTwgiUajyAh03wygLWZtl+SLyygvAnu+OouqtveesufjBDgujp4wZXP/n8PVqXkqg==",
      "cpu": [
        "arm64"
      ],
      "dev": true,
      "optional": true,
      "os": [
        "freebsd"
      ],
      "engines": {
        "node": ">=12"
      }
    },
    "node_modules/esbuild-linux-32": {
      "version": "0.14.45",
      "resolved": "https://registry.npmjs.org/esbuild-linux-32/-/esbuild-linux-32-0.14.45.tgz",
      "integrity": "sha512-Qk9cCO3PJig/Y+SdslN/Th4pbAjgaH9oUjVH28eMsLTPf6QDUuK6EED91jepJdR3vxhcnVjyl6JqtOWmP+uxCg==",
      "cpu": [
        "ia32"
      ],
      "dev": true,
      "optional": true,
      "os": [
        "linux"
      ],
      "engines": {
        "node": ">=12"
      }
    },
    "node_modules/esbuild-linux-64": {
      "version": "0.14.45",
      "resolved": "https://registry.npmjs.org/esbuild-linux-64/-/esbuild-linux-64-0.14.45.tgz",
      "integrity": "sha512-IybO2ugqvc/Zzn1Kih3x0FVjYAy3GTCwhtcp91dbdqk3wPqxYCzObYspa8ca0s+OovI0Cnb+rhXrUtq8gBqlqw==",
      "cpu": [
        "x64"
      ],
      "dev": true,
      "optional": true,
      "os": [
        "linux"
      ],
      "engines": {
        "node": ">=12"
      }
    },
    "node_modules/esbuild-linux-arm": {
      "version": "0.14.45",
      "resolved": "https://registry.npmjs.org/esbuild-linux-arm/-/esbuild-linux-arm-0.14.45.tgz",
      "integrity": "sha512-qKWJ4A4TAcxXV2TBLPw3Av5X2SYNfyNnBHNJTQJ5VuevK6Aq5i6XEMvUgdlcVuZ9MYPfS5aJZWglzDzJMf1Lpw==",
      "cpu": [
        "arm"
      ],
      "dev": true,
      "optional": true,
      "os": [
        "linux"
      ],
      "engines": {
        "node": ">=12"
      }
    },
    "node_modules/esbuild-linux-arm64": {
      "version": "0.14.45",
      "resolved": "https://registry.npmjs.org/esbuild-linux-arm64/-/esbuild-linux-arm64-0.14.45.tgz",
      "integrity": "sha512-UNEyuHTwztrkEU/+mWIxGzKrYBo2cEtjYAZQVZB1kliANKgRITktg2miaO/b/VtNe84ob1aXSvW8XOPEn5RTGQ==",
      "cpu": [
        "arm64"
      ],
      "dev": true,
      "optional": true,
      "os": [
        "linux"
      ],
      "engines": {
        "node": ">=12"
      }
    },
    "node_modules/esbuild-linux-mips64le": {
      "version": "0.14.45",
      "resolved": "https://registry.npmjs.org/esbuild-linux-mips64le/-/esbuild-linux-mips64le-0.14.45.tgz",
      "integrity": "sha512-s/jcfw3Vpku5dIVSFVY7idJsGdIpIJ88IrkyprVgCG2yBeXatb67B7yIt0E1tL+OHrJJdNBw6GikCiMPAAu1VA==",
      "cpu": [
        "mips64el"
      ],
      "dev": true,
      "optional": true,
      "os": [
        "linux"
      ],
      "engines": {
        "node": ">=12"
      }
    },
    "node_modules/esbuild-linux-ppc64le": {
      "version": "0.14.45",
      "resolved": "https://registry.npmjs.org/esbuild-linux-ppc64le/-/esbuild-linux-ppc64le-0.14.45.tgz",
      "integrity": "sha512-lJItl6ESZnhSx951U9R7MTBopgwIELHlQzC6SBR023V5JC1rPRFDZ/UEBsV+7BFcCAfqlyb+odGEAmcBSf4XCA==",
      "cpu": [
        "ppc64"
      ],
      "dev": true,
      "optional": true,
      "os": [
        "linux"
      ],
      "engines": {
        "node": ">=12"
      }
    },
    "node_modules/esbuild-linux-riscv64": {
      "version": "0.14.45",
      "resolved": "https://registry.npmjs.org/esbuild-linux-riscv64/-/esbuild-linux-riscv64-0.14.45.tgz",
      "integrity": "sha512-8anMu+QLl9MununVCGJN2I/JvUWPm1EVsBBLq/J+Nz4hr8t6QOCuEp0HRaeMohyl2XiMFBchVu0mwa05rF7GFQ==",
      "cpu": [
        "riscv64"
      ],
      "dev": true,
      "optional": true,
      "os": [
        "linux"
      ],
      "engines": {
        "node": ">=12"
      }
    },
    "node_modules/esbuild-linux-s390x": {
      "version": "0.14.45",
      "resolved": "https://registry.npmjs.org/esbuild-linux-s390x/-/esbuild-linux-s390x-0.14.45.tgz",
      "integrity": "sha512-1TPeNvNCoahMw745KNTA6POKaFfSqQrBb3fdOL82GXZqyKU/6rHNwGP0NgHe88bAUMp3QZfjGfCGKxfBHL77RQ==",
      "cpu": [
        "s390x"
      ],
      "dev": true,
      "optional": true,
      "os": [
        "linux"
      ],
      "engines": {
        "node": ">=12"
      }
    },
    "node_modules/esbuild-netbsd-64": {
      "version": "0.14.45",
      "resolved": "https://registry.npmjs.org/esbuild-netbsd-64/-/esbuild-netbsd-64-0.14.45.tgz",
      "integrity": "sha512-55f2eZ8EQhhOZosqX0mApgRoI9PrVyXlHd9Uivk+B0B4WTKUgzkoHaVk4EkIUtNRQTpDWPciTlpb/C2tUYVejA==",
      "cpu": [
        "x64"
      ],
      "dev": true,
      "optional": true,
      "os": [
        "netbsd"
      ],
      "engines": {
        "node": ">=12"
      }
    },
    "node_modules/esbuild-openbsd-64": {
      "version": "0.14.45",
      "resolved": "https://registry.npmjs.org/esbuild-openbsd-64/-/esbuild-openbsd-64-0.14.45.tgz",
      "integrity": "sha512-Z5sNcT3oN9eryMW3mGn5HAgg7XCxiUS4isqH1tZXpsdOdOESbgbTEP0mBEJU0WU7Vt2gIN5XMbAp7Oigm0k71g==",
      "cpu": [
        "x64"
      ],
      "dev": true,
      "optional": true,
      "os": [
        "openbsd"
      ],
      "engines": {
        "node": ">=12"
      }
    },
    "node_modules/esbuild-sunos-64": {
      "version": "0.14.45",
      "resolved": "https://registry.npmjs.org/esbuild-sunos-64/-/esbuild-sunos-64-0.14.45.tgz",
      "integrity": "sha512-WmWu4wAm8mIxxK9aWFCj5VHunY3BHQDT3dAPexMLLszPyMF7RDtUYf+Dash9tjyitvnoxPAvR7DpWpirDLQIlQ==",
      "cpu": [
        "x64"
      ],
      "dev": true,
      "optional": true,
      "os": [
        "sunos"
      ],
      "engines": {
        "node": ">=12"
      }
    },
    "node_modules/esbuild-windows-32": {
      "version": "0.14.45",
      "resolved": "https://registry.npmjs.org/esbuild-windows-32/-/esbuild-windows-32-0.14.45.tgz",
      "integrity": "sha512-DPPehKwPJFBoSG+jILc/vcJNN8pTwz1m6FWojxqtqPhgw8OabTgN4vL7gNMqL/FSeDxF+zyvZeeMrZFYF1d81Q==",
      "cpu": [
        "ia32"
      ],
      "dev": true,
      "optional": true,
      "os": [
        "win32"
      ],
      "engines": {
        "node": ">=12"
      }
    },
    "node_modules/esbuild-windows-64": {
      "version": "0.14.45",
      "resolved": "https://registry.npmjs.org/esbuild-windows-64/-/esbuild-windows-64-0.14.45.tgz",
      "integrity": "sha512-t6bxFZcp9bLmSs+1pCNL/BW2bq3QEQHxU4HoiMEyWfF8QBU8iNXFI1iLGdyCzB1Ue2739h55tpOvojFrfyNPWA==",
      "cpu": [
        "x64"
      ],
      "dev": true,
      "optional": true,
      "os": [
        "win32"
      ],
      "engines": {
        "node": ">=12"
      }
    },
    "node_modules/esbuild-windows-arm64": {
      "version": "0.14.45",
      "resolved": "https://registry.npmjs.org/esbuild-windows-arm64/-/esbuild-windows-arm64-0.14.45.tgz",
      "integrity": "sha512-DnhrvjECBJ2L0owoznPb4RqQKZ498SM8J+YHqmqzi0Gf/enkUwwTjB8vPCK6dDuFnNU/NE8f94FhKdkBHYruDQ==",
      "cpu": [
        "arm64"
      ],
      "dev": true,
      "optional": true,
      "os": [
        "win32"
      ],
      "engines": {
        "node": ">=12"
      }
    },
    "node_modules/geotiff": {
      "version": "2.0.5",
      "resolved": "https://registry.npmjs.org/geotiff/-/geotiff-2.0.5.tgz",
      "integrity": "sha512-U5kVYm118YAmw2swiLu8rhfrYnDKOFI7VaMjuQwcq6Intuuid9Pyb4jjxYUxxkq8kOu2r7Am0Rmb52PObGp4pQ==",
      "dependencies": {
        "@petamoriken/float16": "^3.4.7",
        "lerc": "^3.0.0",
        "pako": "^2.0.4",
        "parse-headers": "^2.0.2",
        "quick-lru": "^6.1.0",
        "web-worker": "^1.2.0",
        "xml-utils": "^1.0.2"
      },
      "engines": {
        "node": ">=10.19"
      }
    },
    "node_modules/ieee754": {
      "version": "1.2.1",
      "resolved": "https://registry.npmjs.org/ieee754/-/ieee754-1.2.1.tgz",
      "integrity": "sha512-dcyqhDvX1C46lXZcVqCpK+FtMRQVdIMN6/Df5js2zouUsqG7I6sFxitIC+7KYK29KdXOLHdu9zL4sFnoVQnqaA==",
      "funding": [
        {
          "type": "github",
          "url": "https://github.com/sponsors/feross"
        },
        {
          "type": "patreon",
          "url": "https://www.patreon.com/feross"
        },
        {
          "type": "consulting",
          "url": "https://feross.org/support"
        }
      ]
    },
    "node_modules/js-tokens": {
      "version": "4.0.0",
      "resolved": "https://registry.npmjs.org/js-tokens/-/js-tokens-4.0.0.tgz",
      "integrity": "sha512-RdJUflcE3cUzKiMqQgsCu06FPu9UdIJO0beYbPhHN4k6apgJtifcoCtT9bcxOpYBtpD2kCM6Sbzg4CausW/PKQ==",
      "peer": true
    },
    "node_modules/json-stringify-pretty-compact": {
      "version": "2.0.0",
      "resolved": "https://registry.npmjs.org/json-stringify-pretty-compact/-/json-stringify-pretty-compact-2.0.0.tgz",
      "integrity": "sha512-WRitRfs6BGq4q8gTgOy4ek7iPFXjbra0H3PmDLKm2xnZ+Gh1HUhiKGgCZkSPNULlP7mvfu6FV/mOLhCarspADQ=="
    },
    "node_modules/lerc": {
      "version": "3.0.0",
      "resolved": "https://registry.npmjs.org/lerc/-/lerc-3.0.0.tgz",
      "integrity": "sha512-Rm4J/WaHhRa93nCN2mwWDZFoRVF18G1f47C+kvQWyHGEZxFpTUi73p7lMVSAndyxGt6lJ2/CFbOcf9ra5p8aww=="
    },
    "node_modules/loose-envify": {
      "version": "1.4.0",
      "resolved": "https://registry.npmjs.org/loose-envify/-/loose-envify-1.4.0.tgz",
      "integrity": "sha512-lyuxPGr/Wfhrlem2CL/UcnUc1zcqKAImBDzukY7Y5F/yQiNdko6+fRLevlw1HgMySw7f611UIY408EtxRSoK3Q==",
      "peer": true,
      "dependencies": {
        "js-tokens": "^3.0.0 || ^4.0.0"
      },
      "bin": {
        "loose-envify": "cli.js"
      }
    },
    "node_modules/mapbox-to-css-font": {
      "version": "2.4.1",
      "resolved": "https://registry.npmjs.org/mapbox-to-css-font/-/mapbox-to-css-font-2.4.1.tgz",
      "integrity": "sha512-QQ/iKiM43DM9+aujTL45Iz5o7gDeSFmy4LPl3HZmNcwCE++NxGazf+yFpY+wCb+YS23sDa1ghpo3zrNFOcHlow=="
    },
    "node_modules/mgrs": {
      "version": "1.0.0",
      "resolved": "https://registry.npmjs.org/mgrs/-/mgrs-1.0.0.tgz",
      "integrity": "sha512-awNbTOqCxK1DBGjalK3xqWIstBZgN6fxsMSiXLs9/spqWkF2pAhb2rrYCFSsr1/tT7PhcDGjZndG8SWYn0byYA=="
    },
    "node_modules/minimist": {
      "version": "1.2.6",
      "resolved": "https://registry.npmjs.org/minimist/-/minimist-1.2.6.tgz",
      "integrity": "sha512-Jsjnk4bw3YJqYzbdyBiNsPWHPfO++UGG749Cxs6peCu5Xg4nrena6OVxOYxrQTqww0Jmwt+Ref8rggumkTLz9Q=="
    },
    "node_modules/ol": {
      "version": "6.14.1",
      "resolved": "https://registry.npmjs.org/ol/-/ol-6.14.1.tgz",
      "integrity": "sha512-sIcUWkGud3Y2gT3TJubSHlkyMXiPVh1yxfCPHxmY8+qtm79bB9oRnei9xHVIbRRG0Ro6Ldp5E+BMVSvYCxSpaA==",
      "dependencies": {
        "geotiff": "^2.0.2",
        "ol-mapbox-style": "^7.1.1",
        "pbf": "3.2.1",
        "rbush": "^3.0.1"
      },
      "funding": {
        "type": "opencollective",
        "url": "https://opencollective.com/openlayers"
      }
    },
    "node_modules/ol-mapbox-style": {
      "version": "7.1.1",
      "resolved": "https://registry.npmjs.org/ol-mapbox-style/-/ol-mapbox-style-7.1.1.tgz",
      "integrity": "sha512-GLTEYiH/Ec9Zn1eS4S/zXyR2sierVrUc+OLVP8Ra0FRyqRhoYbXdko0b7OIeSHWdtJfHssWYefDOGxfTRUUZ/A==",
      "dependencies": {
        "@mapbox/mapbox-gl-style-spec": "^13.20.1",
        "mapbox-to-css-font": "^2.4.1",
        "webfont-matcher": "^1.1.0"
      }
    },
    "node_modules/pako": {
      "version": "2.0.4",
      "resolved": "https://registry.npmjs.org/pako/-/pako-2.0.4.tgz",
      "integrity": "sha512-v8tweI900AUkZN6heMU/4Uy4cXRc2AYNRggVmTR+dEncawDJgCdLMximOVA2p4qO57WMynangsfGRb5WD6L1Bg=="
    },
    "node_modules/parse-headers": {
      "version": "2.0.5",
      "resolved": "https://registry.npmjs.org/parse-headers/-/parse-headers-2.0.5.tgz",
      "integrity": "sha512-ft3iAoLOB/MlwbNXgzy43SWGP6sQki2jQvAyBg/zDFAgr9bfNWZIUj42Kw2eJIl8kEi4PbgE6U1Zau/HwI75HA=="
    },
    "node_modules/pbf": {
      "version": "3.2.1",
      "resolved": "https://registry.npmjs.org/pbf/-/pbf-3.2.1.tgz",
      "integrity": "sha512-ClrV7pNOn7rtmoQVF4TS1vyU0WhYRnP92fzbfF75jAIwpnzdJXf8iTd4CMEqO4yUenH6NDqLiwjqlh6QgZzgLQ==",
      "dependencies": {
        "ieee754": "^1.1.12",
        "resolve-protobuf-schema": "^2.1.0"
      },
      "bin": {
        "pbf": "bin/pbf"
      }
    },
    "node_modules/proj4": {
      "version": "2.8.0",
      "resolved": "https://registry.npmjs.org/proj4/-/proj4-2.8.0.tgz",
      "integrity": "sha512-baC+YcD4xsSqJ+CpCZljj2gcQDhlKb+J+Zjv/2KSBwWNjk4M0pafgQsE+mWurd84tflMIsP+7j7mtIpFDHzQfQ==",
      "dependencies": {
        "mgrs": "1.0.0",
        "wkt-parser": "^1.3.1"
      }
    },
    "node_modules/protocol-buffers-schema": {
      "version": "3.6.0",
      "resolved": "https://registry.npmjs.org/protocol-buffers-schema/-/protocol-buffers-schema-3.6.0.tgz",
      "integrity": "sha512-TdDRD+/QNdrCGCE7v8340QyuXd4kIWIgapsE2+n/SaGiSSbomYl4TjHlvIoCWRpE7wFt02EpB35VVA2ImcBVqw=="
    },
    "node_modules/quick-lru": {
      "version": "6.1.1",
      "resolved": "https://registry.npmjs.org/quick-lru/-/quick-lru-6.1.1.tgz",
      "integrity": "sha512-S27GBT+F0NTRiehtbrgaSE1idUAJ5bX8dPAQTdylEyNlrdcH5X4Lz7Edz3DYzecbsCluD5zO8ZNEe04z3D3u6Q==",
      "engines": {
        "node": ">=12"
      },
      "funding": {
        "url": "https://github.com/sponsors/sindresorhus"
      }
    },
    "node_modules/quickselect": {
      "version": "2.0.0",
      "resolved": "https://registry.npmjs.org/quickselect/-/quickselect-2.0.0.tgz",
      "integrity": "sha512-RKJ22hX8mHe3Y6wH/N3wCM6BWtjaxIyyUIkpHOvfFnxdI4yD4tBXEBKSbriGujF6jnSVkJrffuo6vxACiSSxIw=="
    },
    "node_modules/rbush": {
      "version": "3.0.1",
      "resolved": "https://registry.npmjs.org/rbush/-/rbush-3.0.1.tgz",
      "integrity": "sha512-XRaVO0YecOpEuIvbhbpTrZgoiI6xBlz6hnlr6EHhd+0x9ase6EmeN+hdwwUaJvLcsFFQ8iWVF1GAK1yB0BWi0w==",
      "dependencies": {
        "quickselect": "^2.0.0"
      }
    },
    "node_modules/react": {
      "version": "18.2.0",
      "resolved": "https://registry.npmjs.org/react/-/react-18.2.0.tgz",
      "integrity": "sha512-/3IjMdb2L9QbBdWiW5e3P2/npwMBaU9mHCSCUzNln0ZCYbcfTsGbTJrU/kGemdH2IWmB2ioZ+zkxtmq6g09fGQ==",
      "peer": true,
      "dependencies": {
        "loose-envify": "^1.1.0"
      },
      "engines": {
        "node": ">=0.10.0"
      }
    },
    "node_modules/resolve-protobuf-schema": {
      "version": "2.1.0",
      "resolved": "https://registry.npmjs.org/resolve-protobuf-schema/-/resolve-protobuf-schema-2.1.0.tgz",
      "integrity": "sha512-kI5ffTiZWmJaS/huM8wZfEMer1eRd7oJQhDuxeCLe3t7N7mX3z94CN0xPxBQxFYQTSNz9T0i+v6inKqSdK8xrQ==",
      "dependencies": {
        "protocol-buffers-schema": "^3.3.1"
      }
    },
    "node_modules/rw": {
      "version": "1.3.3",
      "resolved": "https://registry.npmjs.org/rw/-/rw-1.3.3.tgz",
      "integrity": "sha512-PdhdWy89SiZogBLaw42zdeqtRJ//zFd2PgQavcICDUgJT5oW10QCRKbJ6bg4r0/UY2M6BWd5tkxuGFRvCkgfHQ=="
    },
    "node_modules/skraafoto-saul": {
      "version": "2.0.0",
      "resolved": "git+ssh://git@github.com/SDFIdk/saul.git#dc9de8c706c8aef12011d415fff520201d3946c0",
      "license": "MIT",
      "dependencies": {
        "proj4": "^2.8.0"
      }
    },
    "node_modules/sort-asc": {
      "version": "0.1.0",
      "resolved": "https://registry.npmjs.org/sort-asc/-/sort-asc-0.1.0.tgz",
      "integrity": "sha512-jBgdDd+rQ+HkZF2/OHCmace5dvpos/aWQpcxuyRs9QUbPRnkEJmYVo81PIGpjIdpOcsnJ4rGjStfDHsbn+UVyw==",
      "engines": {
        "node": ">=0.10.0"
      }
    },
    "node_modules/sort-desc": {
      "version": "0.1.1",
      "resolved": "https://registry.npmjs.org/sort-desc/-/sort-desc-0.1.1.tgz",
      "integrity": "sha512-jfZacW5SKOP97BF5rX5kQfJmRVZP5/adDUTY8fCSPvNcXDVpUEe2pr/iKGlcyZzchRJZrswnp68fgk3qBXgkJw==",
      "engines": {
        "node": ">=0.10.0"
      }
    },
    "node_modules/sort-object": {
      "version": "0.3.2",
      "resolved": "https://registry.npmjs.org/sort-object/-/sort-object-0.3.2.tgz",
      "integrity": "sha512-aAQiEdqFTTdsvUFxXm3umdo04J7MRljoVGbBlkH7BgNsMvVNAJyGj7C/wV1A8wHWAJj/YikeZbfuCKqhggNWGA==",
      "dependencies": {
        "sort-asc": "^0.1.0",
        "sort-desc": "^0.1.1"
      },
      "engines": {
        "node": ">=0.10.0"
      }
    },
    "node_modules/use-sync-external-store": {
      "version": "1.1.0",
      "resolved": "https://registry.npmjs.org/use-sync-external-store/-/use-sync-external-store-1.1.0.tgz",
      "integrity": "sha512-SEnieB2FPKEVne66NpXPd1Np4R1lTNKfjuy3XdIoPQKYBAFdzbzSZlSn1KJZUiihQLQC5Znot4SBz1EOTBwQAQ==",
      "peerDependencies": {
        "react": "^16.8.0 || ^17.0.0 || ^18.0.0"
      }
    },
    "node_modules/web-worker": {
      "version": "1.2.0",
      "resolved": "https://registry.npmjs.org/web-worker/-/web-worker-1.2.0.tgz",
      "integrity": "sha512-PgF341avzqyx60neE9DD+XS26MMNMoUQRz9NOZwW32nPQrF6p77f1htcnjBSEV8BGMKZ16choqUG4hyI0Hx7mA=="
    },
    "node_modules/webfont-matcher": {
      "version": "1.1.0",
      "resolved": "https://registry.npmjs.org/webfont-matcher/-/webfont-matcher-1.1.0.tgz",
      "integrity": "sha512-ov8lMvF9wi4PD7fK2Axn9PQEpO9cYI0fIoGqErwd+wi8xacFFDmX114D5Q2Lw0Wlgmb+Qw/dKI2KTtimrJf85g=="
    },
    "node_modules/wkt-parser": {
      "version": "1.3.2",
      "resolved": "https://registry.npmjs.org/wkt-parser/-/wkt-parser-1.3.2.tgz",
      "integrity": "sha512-A26BOOo7sHAagyxG7iuRhnKMO7Q3mEOiOT4oGUmohtN/Li5wameeU4S6f8vWw6NADTVKljBs8bzA8JPQgSEMVQ=="
    },
    "node_modules/xml-utils": {
      "version": "1.0.3",
      "resolved": "https://registry.npmjs.org/xml-utils/-/xml-utils-1.0.3.tgz",
      "integrity": "sha512-8nKSzSUwJZw7XYcUrY6YjlicZs+lpxV2QzR53btjgq/eNqk1WK3PId5Zy3M2AHkJdpcgC+9/VJspTlH1aNZiuQ=="
    },
    "node_modules/zustand": {
      "version": "4.0.0-rc.1",
      "resolved": "https://registry.npmjs.org/zustand/-/zustand-4.0.0-rc.1.tgz",
      "integrity": "sha512-qgcs7zLqBdHu0PuT3GW4WCIY5SgXdsv30GQMu9Qpp1BA2aS+sNS8l4x0hWuyEhjXkN+701aGWawhKDv6oWJAcw==",
      "dependencies": {
        "use-sync-external-store": "1.1.0"
      },
      "engines": {
        "node": ">=12.7.0"
      },
      "peerDependencies": {
        "immer": ">=9.0",
        "react": ">=16.8"
      },
      "peerDependenciesMeta": {
        "immer": {
          "optional": true
        },
        "react": {
          "optional": true
        }
      }
    }
  },
  "dependencies": {
    "@mapbox/jsonlint-lines-primitives": {
      "version": "2.0.2",
      "resolved": "https://registry.npmjs.org/@mapbox/jsonlint-lines-primitives/-/jsonlint-lines-primitives-2.0.2.tgz",
      "integrity": "sha512-rY0o9A5ECsTQRVhv7tL/OyDpGAoUB4tTvLiW1DSzQGq4bvTPhNw1VpSNjDJc5GFZ2XuyOtSWSVN05qOtcD71qQ=="
    },
    "@mapbox/mapbox-gl-style-spec": {
      "version": "13.24.0",
      "resolved": "https://registry.npmjs.org/@mapbox/mapbox-gl-style-spec/-/mapbox-gl-style-spec-13.24.0.tgz",
      "integrity": "sha512-9yhRSqnKX+59MrG647x2pACfR2Ewk8Ii5X75Ag8oToEKZU+PSY0+r10EirIVCTDwuHPzp/VuuN3j6n+Hv/gGpQ==",
      "requires": {
        "@mapbox/jsonlint-lines-primitives": "~2.0.2",
        "@mapbox/point-geometry": "^0.1.0",
        "@mapbox/unitbezier": "^0.0.0",
        "csscolorparser": "~1.0.2",
        "json-stringify-pretty-compact": "^2.0.0",
        "minimist": "^1.2.5",
        "rw": "^1.3.3",
        "sort-object": "^0.3.2"
      }
    },
    "@mapbox/point-geometry": {
      "version": "0.1.0",
      "resolved": "https://registry.npmjs.org/@mapbox/point-geometry/-/point-geometry-0.1.0.tgz",
      "integrity": "sha512-6j56HdLTwWGO0fJPlrZtdU/B13q8Uwmo18Ck2GnGgN9PCFyKTZ3UbXeEdRFh18i9XQ92eH2VdtpJHpBD3aripQ=="
    },
    "@mapbox/unitbezier": {
      "version": "0.0.0",
      "resolved": "https://registry.npmjs.org/@mapbox/unitbezier/-/unitbezier-0.0.0.tgz",
      "integrity": "sha512-HPnRdYO0WjFjRTSwO3frz1wKaU649OBFPX3Zo/2WZvuRi6zMiRGui8SnPQiQABgqCf8YikDe5t3HViTVw1WUzA=="
    },
    "@petamoriken/float16": {
      "version": "3.6.3",
      "resolved": "https://registry.npmjs.org/@petamoriken/float16/-/float16-3.6.3.tgz",
      "integrity": "sha512-Yx6Z93kmz3JVPYoPPRFJXnt2/G4kfaxRROcZVVHsE4zOClJXvkOVidv/JfvP6hWn16lykbKYKVzUsId6mqXdGg=="
    },
    "@picocss/pico": {
      "version": "1.5.3",
      "resolved": "https://registry.npmjs.org/@picocss/pico/-/pico-1.5.3.tgz",
      "integrity": "sha512-ZdZOxjlmj0BkpGpYo/ODgAcFpqIgpAACqEmIgpFtxHkam06ITfUfcj9+mPcd+Ti8Dh0KCSvHpmSnJA3+tOStlQ=="
    },
    "csscolorparser": {
      "version": "1.0.3",
      "resolved": "https://registry.npmjs.org/csscolorparser/-/csscolorparser-1.0.3.tgz",
      "integrity": "sha512-umPSgYwZkdFoUrH5hIq5kf0wPSXiro51nPw0j2K/c83KflkPSTBGMz6NJvMB+07VlL0y7VPo6QJcDjcgKTTm3w=="
    },
    "dawa-autocomplete2": {
      "version": "1.0.2",
      "resolved": "https://registry.npmjs.org/dawa-autocomplete2/-/dawa-autocomplete2-1.0.2.tgz",
      "integrity": "sha512-9CrVy2B/WR8tDQZDIHlQ9CPD6tDKzRiFGJzQHz04+bczsfTwkJmBGuRMS20XHTedvYr20cIVD6EZ7B/2DfwtlA=="
    },
    "esbuild": {
      "version": "0.14.45",
      "resolved": "https://registry.npmjs.org/esbuild/-/esbuild-0.14.45.tgz",
      "integrity": "sha512-JOxGUD8jcs8xE8DjyGWC8by/vLMCXTJ/wuauWipL5kJRZx1dhpqIntb31QHjA45GZJWaXv7SjC/Zwu1bCkXWtQ==",
      "dev": true,
      "requires": {
        "esbuild-android-64": "0.14.45",
        "esbuild-android-arm64": "0.14.45",
        "esbuild-darwin-64": "0.14.45",
        "esbuild-darwin-arm64": "0.14.45",
        "esbuild-freebsd-64": "0.14.45",
        "esbuild-freebsd-arm64": "0.14.45",
        "esbuild-linux-32": "0.14.45",
        "esbuild-linux-64": "0.14.45",
        "esbuild-linux-arm": "0.14.45",
        "esbuild-linux-arm64": "0.14.45",
        "esbuild-linux-mips64le": "0.14.45",
        "esbuild-linux-ppc64le": "0.14.45",
        "esbuild-linux-riscv64": "0.14.45",
        "esbuild-linux-s390x": "0.14.45",
        "esbuild-netbsd-64": "0.14.45",
        "esbuild-openbsd-64": "0.14.45",
        "esbuild-sunos-64": "0.14.45",
        "esbuild-windows-32": "0.14.45",
        "esbuild-windows-64": "0.14.45",
        "esbuild-windows-arm64": "0.14.45"
      }
    },
    "esbuild-android-64": {
      "version": "0.14.45",
      "resolved": "https://registry.npmjs.org/esbuild-android-64/-/esbuild-android-64-0.14.45.tgz",
      "integrity": "sha512-krVmwL2uXQN1A+Ci4u2MR+Y0IAvQK0u3no5TsgguHVhTy138szjuohScCGjkpvLCpGLk7P4kFP1LKuntvJ0d4A==",
      "dev": true,
      "optional": true
    },
    "esbuild-android-arm64": {
      "version": "0.14.45",
      "resolved": "https://registry.npmjs.org/esbuild-android-arm64/-/esbuild-android-arm64-0.14.45.tgz",
      "integrity": "sha512-62POGdzAjM+XOXEM5MmFW6k9Pjdjg1hTrXKKBbPE700LFF36B+1Jv9QkskT5UadbTk4cdH9BQ7bGiRPYY0p/Dw==",
      "dev": true,
      "optional": true
    },
    "esbuild-darwin-64": {
      "version": "0.14.45",
      "resolved": "https://registry.npmjs.org/esbuild-darwin-64/-/esbuild-darwin-64-0.14.45.tgz",
      "integrity": "sha512-dbkVUAnGx5IeZesWnIhnvxy7dSvgUQvfy0TVLzd9XVP3oI/VsKs8UNsfPrxI5HiN4SINv7oPAbxWceMpB7IqNA==",
      "dev": true,
      "optional": true
    },
    "esbuild-darwin-arm64": {
      "version": "0.14.45",
      "resolved": "https://registry.npmjs.org/esbuild-darwin-arm64/-/esbuild-darwin-arm64-0.14.45.tgz",
      "integrity": "sha512-O6Bz7nnOae5rvbh2Ueo8ibSr7+/eLjsbPdgeMsAZri+LkOa7nsVPnhmocpO3Hy/LWfagTtHy1O9HRPIaArPmTg==",
      "dev": true,
      "optional": true
    },
    "esbuild-freebsd-64": {
      "version": "0.14.45",
      "resolved": "https://registry.npmjs.org/esbuild-freebsd-64/-/esbuild-freebsd-64-0.14.45.tgz",
      "integrity": "sha512-y1X2nr3XSWnDC7MRcy21EVAT0TiCtdefOntJ+SQcZnPBTURzX77f99S8lDF2KswukChkiacpd2Wd4VZieo7w7Q==",
      "dev": true,
      "optional": true
    },
    "esbuild-freebsd-arm64": {
      "version": "0.14.45",
      "resolved": "https://registry.npmjs.org/esbuild-freebsd-arm64/-/esbuild-freebsd-arm64-0.14.45.tgz",
      "integrity": "sha512-r3ZNejkx1BKXQ6sYOP6C5rTwgiUajyAh03wygLWZtl+SLyygvAnu+OouqtveesufjBDgujp4wZXP/n8PVqXkqg==",
      "dev": true,
      "optional": true
    },
    "esbuild-linux-32": {
      "version": "0.14.45",
      "resolved": "https://registry.npmjs.org/esbuild-linux-32/-/esbuild-linux-32-0.14.45.tgz",
      "integrity": "sha512-Qk9cCO3PJig/Y+SdslN/Th4pbAjgaH9oUjVH28eMsLTPf6QDUuK6EED91jepJdR3vxhcnVjyl6JqtOWmP+uxCg==",
      "dev": true,
      "optional": true
    },
    "esbuild-linux-64": {
      "version": "0.14.45",
      "resolved": "https://registry.npmjs.org/esbuild-linux-64/-/esbuild-linux-64-0.14.45.tgz",
      "integrity": "sha512-IybO2ugqvc/Zzn1Kih3x0FVjYAy3GTCwhtcp91dbdqk3wPqxYCzObYspa8ca0s+OovI0Cnb+rhXrUtq8gBqlqw==",
      "dev": true,
      "optional": true
    },
    "esbuild-linux-arm": {
      "version": "0.14.45",
      "resolved": "https://registry.npmjs.org/esbuild-linux-arm/-/esbuild-linux-arm-0.14.45.tgz",
      "integrity": "sha512-qKWJ4A4TAcxXV2TBLPw3Av5X2SYNfyNnBHNJTQJ5VuevK6Aq5i6XEMvUgdlcVuZ9MYPfS5aJZWglzDzJMf1Lpw==",
      "dev": true,
      "optional": true
    },
    "esbuild-linux-arm64": {
      "version": "0.14.45",
      "resolved": "https://registry.npmjs.org/esbuild-linux-arm64/-/esbuild-linux-arm64-0.14.45.tgz",
      "integrity": "sha512-UNEyuHTwztrkEU/+mWIxGzKrYBo2cEtjYAZQVZB1kliANKgRITktg2miaO/b/VtNe84ob1aXSvW8XOPEn5RTGQ==",
      "dev": true,
      "optional": true
    },
    "esbuild-linux-mips64le": {
      "version": "0.14.45",
      "resolved": "https://registry.npmjs.org/esbuild-linux-mips64le/-/esbuild-linux-mips64le-0.14.45.tgz",
      "integrity": "sha512-s/jcfw3Vpku5dIVSFVY7idJsGdIpIJ88IrkyprVgCG2yBeXatb67B7yIt0E1tL+OHrJJdNBw6GikCiMPAAu1VA==",
      "dev": true,
      "optional": true
    },
    "esbuild-linux-ppc64le": {
      "version": "0.14.45",
      "resolved": "https://registry.npmjs.org/esbuild-linux-ppc64le/-/esbuild-linux-ppc64le-0.14.45.tgz",
      "integrity": "sha512-lJItl6ESZnhSx951U9R7MTBopgwIELHlQzC6SBR023V5JC1rPRFDZ/UEBsV+7BFcCAfqlyb+odGEAmcBSf4XCA==",
      "dev": true,
      "optional": true
    },
    "esbuild-linux-riscv64": {
      "version": "0.14.45",
      "resolved": "https://registry.npmjs.org/esbuild-linux-riscv64/-/esbuild-linux-riscv64-0.14.45.tgz",
      "integrity": "sha512-8anMu+QLl9MununVCGJN2I/JvUWPm1EVsBBLq/J+Nz4hr8t6QOCuEp0HRaeMohyl2XiMFBchVu0mwa05rF7GFQ==",
      "dev": true,
      "optional": true
    },
    "esbuild-linux-s390x": {
      "version": "0.14.45",
      "resolved": "https://registry.npmjs.org/esbuild-linux-s390x/-/esbuild-linux-s390x-0.14.45.tgz",
      "integrity": "sha512-1TPeNvNCoahMw745KNTA6POKaFfSqQrBb3fdOL82GXZqyKU/6rHNwGP0NgHe88bAUMp3QZfjGfCGKxfBHL77RQ==",
      "dev": true,
      "optional": true
    },
    "esbuild-netbsd-64": {
      "version": "0.14.45",
      "resolved": "https://registry.npmjs.org/esbuild-netbsd-64/-/esbuild-netbsd-64-0.14.45.tgz",
      "integrity": "sha512-55f2eZ8EQhhOZosqX0mApgRoI9PrVyXlHd9Uivk+B0B4WTKUgzkoHaVk4EkIUtNRQTpDWPciTlpb/C2tUYVejA==",
      "dev": true,
      "optional": true
    },
    "esbuild-openbsd-64": {
      "version": "0.14.45",
      "resolved": "https://registry.npmjs.org/esbuild-openbsd-64/-/esbuild-openbsd-64-0.14.45.tgz",
      "integrity": "sha512-Z5sNcT3oN9eryMW3mGn5HAgg7XCxiUS4isqH1tZXpsdOdOESbgbTEP0mBEJU0WU7Vt2gIN5XMbAp7Oigm0k71g==",
      "dev": true,
      "optional": true
    },
    "esbuild-sunos-64": {
      "version": "0.14.45",
      "resolved": "https://registry.npmjs.org/esbuild-sunos-64/-/esbuild-sunos-64-0.14.45.tgz",
      "integrity": "sha512-WmWu4wAm8mIxxK9aWFCj5VHunY3BHQDT3dAPexMLLszPyMF7RDtUYf+Dash9tjyitvnoxPAvR7DpWpirDLQIlQ==",
      "dev": true,
      "optional": true
    },
    "esbuild-windows-32": {
      "version": "0.14.45",
      "resolved": "https://registry.npmjs.org/esbuild-windows-32/-/esbuild-windows-32-0.14.45.tgz",
      "integrity": "sha512-DPPehKwPJFBoSG+jILc/vcJNN8pTwz1m6FWojxqtqPhgw8OabTgN4vL7gNMqL/FSeDxF+zyvZeeMrZFYF1d81Q==",
      "dev": true,
      "optional": true
    },
    "esbuild-windows-64": {
      "version": "0.14.45",
      "resolved": "https://registry.npmjs.org/esbuild-windows-64/-/esbuild-windows-64-0.14.45.tgz",
      "integrity": "sha512-t6bxFZcp9bLmSs+1pCNL/BW2bq3QEQHxU4HoiMEyWfF8QBU8iNXFI1iLGdyCzB1Ue2739h55tpOvojFrfyNPWA==",
      "dev": true,
      "optional": true
    },
    "esbuild-windows-arm64": {
      "version": "0.14.45",
      "resolved": "https://registry.npmjs.org/esbuild-windows-arm64/-/esbuild-windows-arm64-0.14.45.tgz",
      "integrity": "sha512-DnhrvjECBJ2L0owoznPb4RqQKZ498SM8J+YHqmqzi0Gf/enkUwwTjB8vPCK6dDuFnNU/NE8f94FhKdkBHYruDQ==",
      "dev": true,
      "optional": true
    },
    "geotiff": {
      "version": "2.0.5",
      "resolved": "https://registry.npmjs.org/geotiff/-/geotiff-2.0.5.tgz",
      "integrity": "sha512-U5kVYm118YAmw2swiLu8rhfrYnDKOFI7VaMjuQwcq6Intuuid9Pyb4jjxYUxxkq8kOu2r7Am0Rmb52PObGp4pQ==",
      "requires": {
        "@petamoriken/float16": "^3.4.7",
        "lerc": "^3.0.0",
        "pako": "^2.0.4",
        "parse-headers": "^2.0.2",
        "quick-lru": "^6.1.0",
        "web-worker": "^1.2.0",
        "xml-utils": "^1.0.2"
      }
    },
    "ieee754": {
      "version": "1.2.1",
      "resolved": "https://registry.npmjs.org/ieee754/-/ieee754-1.2.1.tgz",
      "integrity": "sha512-dcyqhDvX1C46lXZcVqCpK+FtMRQVdIMN6/Df5js2zouUsqG7I6sFxitIC+7KYK29KdXOLHdu9zL4sFnoVQnqaA=="
    },
    "js-tokens": {
      "version": "4.0.0",
      "resolved": "https://registry.npmjs.org/js-tokens/-/js-tokens-4.0.0.tgz",
      "integrity": "sha512-RdJUflcE3cUzKiMqQgsCu06FPu9UdIJO0beYbPhHN4k6apgJtifcoCtT9bcxOpYBtpD2kCM6Sbzg4CausW/PKQ==",
      "peer": true
    },
    "json-stringify-pretty-compact": {
      "version": "2.0.0",
      "resolved": "https://registry.npmjs.org/json-stringify-pretty-compact/-/json-stringify-pretty-compact-2.0.0.tgz",
      "integrity": "sha512-WRitRfs6BGq4q8gTgOy4ek7iPFXjbra0H3PmDLKm2xnZ+Gh1HUhiKGgCZkSPNULlP7mvfu6FV/mOLhCarspADQ=="
    },
    "lerc": {
      "version": "3.0.0",
      "resolved": "https://registry.npmjs.org/lerc/-/lerc-3.0.0.tgz",
      "integrity": "sha512-Rm4J/WaHhRa93nCN2mwWDZFoRVF18G1f47C+kvQWyHGEZxFpTUi73p7lMVSAndyxGt6lJ2/CFbOcf9ra5p8aww=="
    },
    "loose-envify": {
      "version": "1.4.0",
      "resolved": "https://registry.npmjs.org/loose-envify/-/loose-envify-1.4.0.tgz",
      "integrity": "sha512-lyuxPGr/Wfhrlem2CL/UcnUc1zcqKAImBDzukY7Y5F/yQiNdko6+fRLevlw1HgMySw7f611UIY408EtxRSoK3Q==",
      "peer": true,
      "requires": {
        "js-tokens": "^3.0.0 || ^4.0.0"
      }
    },
    "mapbox-to-css-font": {
      "version": "2.4.1",
      "resolved": "https://registry.npmjs.org/mapbox-to-css-font/-/mapbox-to-css-font-2.4.1.tgz",
      "integrity": "sha512-QQ/iKiM43DM9+aujTL45Iz5o7gDeSFmy4LPl3HZmNcwCE++NxGazf+yFpY+wCb+YS23sDa1ghpo3zrNFOcHlow=="
    },
    "mgrs": {
      "version": "1.0.0",
      "resolved": "https://registry.npmjs.org/mgrs/-/mgrs-1.0.0.tgz",
      "integrity": "sha512-awNbTOqCxK1DBGjalK3xqWIstBZgN6fxsMSiXLs9/spqWkF2pAhb2rrYCFSsr1/tT7PhcDGjZndG8SWYn0byYA=="
    },
    "minimist": {
      "version": "1.2.6",
      "resolved": "https://registry.npmjs.org/minimist/-/minimist-1.2.6.tgz",
      "integrity": "sha512-Jsjnk4bw3YJqYzbdyBiNsPWHPfO++UGG749Cxs6peCu5Xg4nrena6OVxOYxrQTqww0Jmwt+Ref8rggumkTLz9Q=="
    },
    "ol": {
      "version": "6.14.1",
      "resolved": "https://registry.npmjs.org/ol/-/ol-6.14.1.tgz",
      "integrity": "sha512-sIcUWkGud3Y2gT3TJubSHlkyMXiPVh1yxfCPHxmY8+qtm79bB9oRnei9xHVIbRRG0Ro6Ldp5E+BMVSvYCxSpaA==",
      "requires": {
        "geotiff": "^2.0.2",
        "ol-mapbox-style": "^7.1.1",
        "pbf": "3.2.1",
        "rbush": "^3.0.1"
      }
    },
    "ol-mapbox-style": {
      "version": "7.1.1",
      "resolved": "https://registry.npmjs.org/ol-mapbox-style/-/ol-mapbox-style-7.1.1.tgz",
      "integrity": "sha512-GLTEYiH/Ec9Zn1eS4S/zXyR2sierVrUc+OLVP8Ra0FRyqRhoYbXdko0b7OIeSHWdtJfHssWYefDOGxfTRUUZ/A==",
      "requires": {
        "@mapbox/mapbox-gl-style-spec": "^13.20.1",
        "mapbox-to-css-font": "^2.4.1",
        "webfont-matcher": "^1.1.0"
      }
    },
    "pako": {
      "version": "2.0.4",
      "resolved": "https://registry.npmjs.org/pako/-/pako-2.0.4.tgz",
      "integrity": "sha512-v8tweI900AUkZN6heMU/4Uy4cXRc2AYNRggVmTR+dEncawDJgCdLMximOVA2p4qO57WMynangsfGRb5WD6L1Bg=="
    },
    "parse-headers": {
      "version": "2.0.5",
      "resolved": "https://registry.npmjs.org/parse-headers/-/parse-headers-2.0.5.tgz",
      "integrity": "sha512-ft3iAoLOB/MlwbNXgzy43SWGP6sQki2jQvAyBg/zDFAgr9bfNWZIUj42Kw2eJIl8kEi4PbgE6U1Zau/HwI75HA=="
    },
    "pbf": {
      "version": "3.2.1",
      "resolved": "https://registry.npmjs.org/pbf/-/pbf-3.2.1.tgz",
      "integrity": "sha512-ClrV7pNOn7rtmoQVF4TS1vyU0WhYRnP92fzbfF75jAIwpnzdJXf8iTd4CMEqO4yUenH6NDqLiwjqlh6QgZzgLQ==",
      "requires": {
        "ieee754": "^1.1.12",
        "resolve-protobuf-schema": "^2.1.0"
      }
    },
    "proj4": {
      "version": "2.8.0",
      "resolved": "https://registry.npmjs.org/proj4/-/proj4-2.8.0.tgz",
      "integrity": "sha512-baC+YcD4xsSqJ+CpCZljj2gcQDhlKb+J+Zjv/2KSBwWNjk4M0pafgQsE+mWurd84tflMIsP+7j7mtIpFDHzQfQ==",
      "requires": {
        "mgrs": "1.0.0",
        "wkt-parser": "^1.3.1"
      }
    },
    "protocol-buffers-schema": {
      "version": "3.6.0",
      "resolved": "https://registry.npmjs.org/protocol-buffers-schema/-/protocol-buffers-schema-3.6.0.tgz",
      "integrity": "sha512-TdDRD+/QNdrCGCE7v8340QyuXd4kIWIgapsE2+n/SaGiSSbomYl4TjHlvIoCWRpE7wFt02EpB35VVA2ImcBVqw=="
    },
    "quick-lru": {
      "version": "6.1.1",
      "resolved": "https://registry.npmjs.org/quick-lru/-/quick-lru-6.1.1.tgz",
      "integrity": "sha512-S27GBT+F0NTRiehtbrgaSE1idUAJ5bX8dPAQTdylEyNlrdcH5X4Lz7Edz3DYzecbsCluD5zO8ZNEe04z3D3u6Q=="
    },
    "quickselect": {
      "version": "2.0.0",
      "resolved": "https://registry.npmjs.org/quickselect/-/quickselect-2.0.0.tgz",
      "integrity": "sha512-RKJ22hX8mHe3Y6wH/N3wCM6BWtjaxIyyUIkpHOvfFnxdI4yD4tBXEBKSbriGujF6jnSVkJrffuo6vxACiSSxIw=="
    },
    "rbush": {
      "version": "3.0.1",
      "resolved": "https://registry.npmjs.org/rbush/-/rbush-3.0.1.tgz",
      "integrity": "sha512-XRaVO0YecOpEuIvbhbpTrZgoiI6xBlz6hnlr6EHhd+0x9ase6EmeN+hdwwUaJvLcsFFQ8iWVF1GAK1yB0BWi0w==",
      "requires": {
        "quickselect": "^2.0.0"
      }
    },
    "react": {
      "version": "18.2.0",
      "resolved": "https://registry.npmjs.org/react/-/react-18.2.0.tgz",
      "integrity": "sha512-/3IjMdb2L9QbBdWiW5e3P2/npwMBaU9mHCSCUzNln0ZCYbcfTsGbTJrU/kGemdH2IWmB2ioZ+zkxtmq6g09fGQ==",
      "peer": true,
      "requires": {
        "loose-envify": "^1.1.0"
      }
    },
    "resolve-protobuf-schema": {
      "version": "2.1.0",
      "resolved": "https://registry.npmjs.org/resolve-protobuf-schema/-/resolve-protobuf-schema-2.1.0.tgz",
      "integrity": "sha512-kI5ffTiZWmJaS/huM8wZfEMer1eRd7oJQhDuxeCLe3t7N7mX3z94CN0xPxBQxFYQTSNz9T0i+v6inKqSdK8xrQ==",
      "requires": {
        "protocol-buffers-schema": "^3.3.1"
      }
    },
    "rw": {
      "version": "1.3.3",
      "resolved": "https://registry.npmjs.org/rw/-/rw-1.3.3.tgz",
      "integrity": "sha512-PdhdWy89SiZogBLaw42zdeqtRJ//zFd2PgQavcICDUgJT5oW10QCRKbJ6bg4r0/UY2M6BWd5tkxuGFRvCkgfHQ=="
    },
    "skraafoto-saul": {
      "version": "git+ssh://git@github.com/SDFIdk/saul.git#dc9de8c706c8aef12011d415fff520201d3946c0",
      "from": "skraafoto-saul@github:SDFIdk/saul",
      "requires": {
        "proj4": "^2.8.0"
      }
    },
    "sort-asc": {
      "version": "0.1.0",
      "resolved": "https://registry.npmjs.org/sort-asc/-/sort-asc-0.1.0.tgz",
      "integrity": "sha512-jBgdDd+rQ+HkZF2/OHCmace5dvpos/aWQpcxuyRs9QUbPRnkEJmYVo81PIGpjIdpOcsnJ4rGjStfDHsbn+UVyw=="
    },
    "sort-desc": {
      "version": "0.1.1",
      "resolved": "https://registry.npmjs.org/sort-desc/-/sort-desc-0.1.1.tgz",
      "integrity": "sha512-jfZacW5SKOP97BF5rX5kQfJmRVZP5/adDUTY8fCSPvNcXDVpUEe2pr/iKGlcyZzchRJZrswnp68fgk3qBXgkJw=="
    },
    "sort-object": {
      "version": "0.3.2",
      "resolved": "https://registry.npmjs.org/sort-object/-/sort-object-0.3.2.tgz",
      "integrity": "sha512-aAQiEdqFTTdsvUFxXm3umdo04J7MRljoVGbBlkH7BgNsMvVNAJyGj7C/wV1A8wHWAJj/YikeZbfuCKqhggNWGA==",
      "requires": {
        "sort-asc": "^0.1.0",
        "sort-desc": "^0.1.1"
      }
    },
    "use-sync-external-store": {
      "version": "1.1.0",
      "resolved": "https://registry.npmjs.org/use-sync-external-store/-/use-sync-external-store-1.1.0.tgz",
      "integrity": "sha512-SEnieB2FPKEVne66NpXPd1Np4R1lTNKfjuy3XdIoPQKYBAFdzbzSZlSn1KJZUiihQLQC5Znot4SBz1EOTBwQAQ==",
      "requires": {}
    },
    "web-worker": {
      "version": "1.2.0",
      "resolved": "https://registry.npmjs.org/web-worker/-/web-worker-1.2.0.tgz",
      "integrity": "sha512-PgF341avzqyx60neE9DD+XS26MMNMoUQRz9NOZwW32nPQrF6p77f1htcnjBSEV8BGMKZ16choqUG4hyI0Hx7mA=="
    },
    "webfont-matcher": {
      "version": "1.1.0",
      "resolved": "https://registry.npmjs.org/webfont-matcher/-/webfont-matcher-1.1.0.tgz",
      "integrity": "sha512-ov8lMvF9wi4PD7fK2Axn9PQEpO9cYI0fIoGqErwd+wi8xacFFDmX114D5Q2Lw0Wlgmb+Qw/dKI2KTtimrJf85g=="
    },
    "wkt-parser": {
      "version": "1.3.2",
      "resolved": "https://registry.npmjs.org/wkt-parser/-/wkt-parser-1.3.2.tgz",
      "integrity": "sha512-A26BOOo7sHAagyxG7iuRhnKMO7Q3mEOiOT4oGUmohtN/Li5wameeU4S6f8vWw6NADTVKljBs8bzA8JPQgSEMVQ=="
    },
    "xml-utils": {
      "version": "1.0.3",
      "resolved": "https://registry.npmjs.org/xml-utils/-/xml-utils-1.0.3.tgz",
      "integrity": "sha512-8nKSzSUwJZw7XYcUrY6YjlicZs+lpxV2QzR53btjgq/eNqk1WK3PId5Zy3M2AHkJdpcgC+9/VJspTlH1aNZiuQ=="
    },
    "zustand": {
      "version": "4.0.0-rc.1",
      "resolved": "https://registry.npmjs.org/zustand/-/zustand-4.0.0-rc.1.tgz",
      "integrity": "sha512-qgcs7zLqBdHu0PuT3GW4WCIY5SgXdsv30GQMu9Qpp1BA2aS+sNS8l4x0hWuyEhjXkN+701aGWawhKDv6oWJAcw==",
      "requires": {
        "use-sync-external-store": "1.1.0"
      }
    }
  }
}
